{
  "nodes": {
    "disko": {
      "inputs": {
        "nixpkgs": [
          "nixpkgs"
        ]
      },
      "locked": {
        "lastModified": 1736199437,
        "narHash": "sha256-TdU0a/x8048rbbJmkKWzSY1CtsbbGKNkIJcMdr8Zf4Q=",
        "owner": "nix-community",
        "repo": "disko",
        "rev": "49f8aa791f81ff2402039b3efe0c35b9386c4bcf",
        "type": "github"
      },
      "original": {
        "owner": "nix-community",
        "repo": "disko",
        "type": "github"
      }
    },
    "home-manager": {
      "inputs": {
        "nixpkgs": [
          "nixpkgs"
        ]
      },
      "locked": {
        "lastModified": 1736373539,
        "narHash": "sha256-dinzAqCjenWDxuy+MqUQq0I4zUSfaCvN9rzuCmgMZJY=",
        "owner": "nix-community",
        "repo": "home-manager",
        "rev": "bd65bc3cde04c16755955630b344bc9e35272c56",
        "type": "github"
      },
      "original": {
        "owner": "nix-community",
        "ref": "release-24.11",
        "repo": "home-manager",
        "type": "github"
      }
    },
    "nixos-facter-modules": {
      "locked": {
        "lastModified": 1734596637,
        "narHash": "sha256-MRqwVAe3gsb88u4ME1UidmZFVCx+FEnoob0zkpO9DMY=",
        "owner": "numtide",
        "repo": "nixos-facter-modules",
        "rev": "536472754982bf03079b4b4e0261838a760587c0",
        "type": "github"
      },
      "original": {
        "owner": "numtide",
        "repo": "nixos-facter-modules",
        "type": "github"
      }
    },
    "nixpkgs": {
      "locked": {
        "lastModified": 1736370348,
        "narHash": "sha256-W4Zt/wuPU94YM75vMn1VBCHxD8a/a/5dcSHZcZovyUs=",
        "owner": "NixOS",
        "repo": "nixpkgs",
        "rev": "6910c7a54ca1f387649ee4a8004ccaca58661a7e",
        "type": "github"
      },
      "original": {
        "owner": "NixOS",
        "ref": "release-24.11",
        "repo": "nixpkgs",
        "type": "github"
      }
    },
    "root": {
      "inputs": {
        "disko": "disko",
        "home-manager": "home-manager",
        "nixos-facter-modules": "nixos-facter-modules",
        "nixpkgs": "nixpkgs"
      }
    }
  },
  "root": "root",
  "version": 7
}
